
Microsoft Visual Studio Solution File, Format Version 11.00
# Visual Studio 2010
Project("{FAE04EC0-301F-11D3-BF4B-00C04F79EFBC}") = "AgFx", "AgFx\AgFx.csproj", "{3ED37B15-A664-4E31-ABD3-CD3522B35E27}"
EndProject
Project("{FAE04EC0-301F-11D3-BF4B-00C04F79EFBC}") = "AgFx.Controls.Phone", "AgFx.Controls\AgFx.Controls.Phone.csproj", "{1DA986E9-0187-4A22-881D-1AFC93A65294}"
EndProject
Project("{FAE04EC0-301F-11D3-BF4B-00C04F79EFBC}") = "Flickr.Sample", "Samples\Flickr.Sample\Flickr.Sample.csproj", "{C5708D13-419B-4665-82BF-BD9938D849F7}"
EndProject
Project("{FAE04EC0-301F-11D3-BF4B-00C04F79EFBC}") = "NWSWeather.Sample", "Samples\NWSWeather.Sample\NWSWeather.Sample.csproj", "{377E6FE1-1B2D-4DA5-AFF9-A2B1FB159EFC}"
EndProject
Project("{FAE04EC0-301F-11D3-BF4B-00C04F79EFBC}") = "AgFx.Test", "AgFx.Test\AgFx.Test.csproj", "{6CCB81E6-1746-43A6-A8C3-051463A36E90}"
EndProject
Project("{FAE04EC0-301F-11D3-BF4B-00C04F79EFBC}") = "Facebook.Auth.Sample", "Samples\Facebook.Auth.Sample\Facebook.Auth.Sample.csproj", "{89A84736-B4D7-4C0D-BA3F-EE778AB58C6A}"
EndProject
Global
	GlobalSection(SolutionConfigurationPlatforms) = preSolution
		Debug|Any CPU = Debug|Any CPU
		Debug|Mixed Platforms = Debug|Mixed Platforms
		Debug|x86 = Debug|x86
		Package|Any CPU = Package|Any CPU
		Package|Mixed Platforms = Package|Mixed Platforms
		Package|x86 = Package|x86
		Release|Any CPU = Release|Any CPU
		Release|Mixed Platforms = Release|Mixed Platforms
		Release|x86 = Release|x86
	EndGlobalSection
	GlobalSection(ProjectConfigurationPlatforms) = postSolution
		{3ED37B15-A664-4E31-ABD3-CD3522B35E27}.Debug|Any CPU.ActiveCfg = Debug|Any CPU
		{3ED37B15-A664-4E31-ABD3-CD3522B35E27}.Debug|Any CPU.Build.0 = Debug|Any CPU
		{3ED37B15-A664-4E31-ABD3-CD3522B35E27}.Debug|Mixed Platforms.ActiveCfg = Debug|Any CPU
		{3ED37B15-A664-4E31-ABD3-CD3522B35E27}.Debug|Mixed Platforms.Build.0 = Debug|Any CPU
		{3ED37B15-A664-4E31-ABD3-CD3522B35E27}.Debug|x86.ActiveCfg = Debug|Any CPU
		{3ED37B15-A664-4E31-ABD3-CD3522B35E27}.Package|Any CPU.ActiveCfg = Package|Any CPU
		{3ED37B15-A664-4E31-ABD3-CD3522B35E27}.Package|Any CPU.Build.0 = Package|Any CPU
		{3ED37B15-A664-4E31-ABD3-CD3522B35E27}.Package|Mixed Platforms.ActiveCfg = Package|Any CPU
		{3ED37B15-A664-4E31-ABD3-CD3522B35E27}.Package|Mixed Platforms.Build.0 = Package|Any CPU
		{3ED37B15-A664-4E31-ABD3-CD3522B35E27}.Package|x86.ActiveCfg = Package|Any CPU
		{3ED37B15-A664-4E31-ABD3-CD3522B35E27}.Release|Any CPU.ActiveCfg = Release|Any CPU
		{3ED37B15-A664-4E31-ABD3-CD3522B35E27}.Release|Any CPU.Build.0 = Release|Any CPU
		{3ED37B15-A664-4E31-ABD3-CD3522B35E27}.Release|Mixed Platforms.ActiveCfg = Release|Any CPU
		{3ED37B15-A664-4E31-ABD3-CD3522B35E27}.Release|Mixed Platforms.Build.0 = Release|Any CPU
		{3ED37B15-A664-4E31-ABD3-CD3522B35E27}.Release|x86.ActiveCfg = Release|Any CPU
		{1DA986E9-0187-4A22-881D-1AFC93A65294}.Debug|Any CPU.ActiveCfg = Debug|Any CPU
		{1DA986E9-0187-4A22-881D-1AFC93A65294}.Debug|Any CPU.Build.0 = Debug|Any CPU
		{1DA986E9-0187-4A22-881D-1AFC93A65294}.Debug|Mixed Platforms.ActiveCfg = Debug|Any CPU
		{1DA986E9-0187-4A22-881D-1AFC93A65294}.Debug|Mixed Platforms.Build.0 = Debug|Any CPU
		{1DA986E9-0187-4A22-881D-1AFC93A65294}.Debug|x86.ActiveCfg = Debug|Any CPU
		{1DA986E9-0187-4A22-881D-1AFC93A65294}.Package|Any CPU.ActiveCfg = Package|Any CPU
		{1DA986E9-0187-4A22-881D-1AFC93A65294}.Package|Any CPU.Build.0 = Package|Any CPU
		{1DA986E9-0187-4A22-881D-1AFC93A65294}.Package|Mixed Platforms.ActiveCfg = Package|Any CPU
		{1DA986E9-0187-4A22-881D-1AFC93A65294}.Package|Mixed Platforms.Build.0 = Package|Any CPU
		{1DA986E9-0187-4A22-881D-1AFC93A65294}.Package|x86.ActiveCfg = Package|Any CPU
		{1DA986E9-0187-4A22-881D-1AFC93A65294}.Release|Any CPU.ActiveCfg = Release|Any CPU
		{1DA986E9-0187-4A22-881D-1AFC93A65294}.Release|Any CPU.Build.0 = Release|Any CPU
		{1DA986E9-0187-4A22-881D-1AFC93A65294}.Release|Mixed Platforms.ActiveCfg = Release|Any CPU
		{1DA986E9-0187-4A22-881D-1AFC93A65294}.Release|Mixed Platforms.Build.0 = Release|Any CPU
		{1DA986E9-0187-4A22-881D-1AFC93A65294}.Release|x86.ActiveCfg = Release|Any CPU
		{C5708D13-419B-4665-82BF-BD9938D849F7}.Debug|Any CPU.ActiveCfg = Debug|Any CPU
		{C5708D13-419B-4665-82BF-BD9938D849F7}.Debug|Any CPU.Build.0 = Debug|Any CPU
		{C5708D13-419B-4665-82BF-BD9938D849F7}.Debug|Any CPU.Deploy.0 = Debug|Any CPU
		{C5708D13-419B-4665-82BF-BD9938D849F7}.Debug|Mixed Platforms.ActiveCfg = Debug|Any CPU
		{C5708D13-419B-4665-82BF-BD9938D849F7}.Debug|Mixed Platforms.Build.0 = Debug|Any CPU
		{C5708D13-419B-4665-82BF-BD9938D849F7}.Debug|Mixed Platforms.Deploy.0 = Debug|Any CPU
		{C5708D13-419B-4665-82BF-BD9938D849F7}.Debug|x86.ActiveCfg = Debug|Any CPU
		{C5708D13-419B-4665-82BF-BD9938D849F7}.Package|Any CPU.ActiveCfg = Package|Any CPU
		{C5708D13-419B-4665-82BF-BD9938D849F7}.Package|Any CPU.Build.0 = Package|Any CPU
		{C5708D13-419B-4665-82BF-BD9938D849F7}.Package|Any CPU.Deploy.0 = Package|Any CPU
		{C5708D13-419B-4665-82BF-BD9938D849F7}.Package|Mixed Platforms.ActiveCfg = Package|Any CPU
		{C5708D13-419B-4665-82BF-BD9938D849F7}.Package|Mixed Platforms.Build.0 = Package|Any CPU
		{C5708D13-419B-4665-82BF-BD9938D849F7}.Package|Mixed Platforms.Deploy.0 = Package|Any CPU
		{C5708D13-419B-4665-82BF-BD9938D849F7}.Package|x86.ActiveCfg = Package|Any CPU
		{C5708D13-419B-4665-82BF-BD9938D849F7}.Release|Any CPU.ActiveCfg = Release|Any CPU
		{C5708D13-419B-4665-82BF-BD9938D849F7}.Release|Any CPU.Build.0 = Release|Any CPU
		{C5708D13-419B-4665-82BF-BD9938D849F7}.Release|Any CPU.Deploy.0 = Release|Any CPU
		{C5708D13-419B-4665-82BF-BD9938D849F7}.Release|Mixed Platforms.ActiveCfg = Release|Any CPU
		{C5708D13-419B-4665-82BF-BD9938D849F7}.Release|Mixed Platforms.Build.0 = Release|Any CPU
		{C5708D13-419B-4665-82BF-BD9938D849F7}.Release|Mixed Platforms.Deploy.0 = Release|Any CPU
		{C5708D13-419B-4665-82BF-BD9938D849F7}.Release|x86.ActiveCfg = Release|Any CPU
		{377E6FE1-1B2D-4DA5-AFF9-A2B1FB159EFC}.Debug|Any CPU.ActiveCfg = Debug|Any CPU
		{377E6FE1-1B2D-4DA5-AFF9-A2B1FB159EFC}.Debug|Any CPU.Build.0 = Debug|Any CPU
		{377E6FE1-1B2D-4DA5-AFF9-A2B1FB159EFC}.Debug|Any CPU.Deploy.0 = Debug|Any CPU
		{377E6FE1-1B2D-4DA5-AFF9-A2B1FB159EFC}.Debug|Mixed Platforms.ActiveCfg = Debug|Any CPU
		{377E6FE1-1B2D-4DA5-AFF9-A2B1FB159EFC}.Debug|Mixed Platforms.Build.0 = Debug|Any CPU
		{377E6FE1-1B2D-4DA5-AFF9-A2B1FB159EFC}.Debug|Mixed Platforms.Deploy.0 = Debug|Any CPU
		{377E6FE1-1B2D-4DA5-AFF9-A2B1FB159EFC}.Debug|x86.ActiveCfg = Debug|Any CPU
		{377E6FE1-1B2D-4DA5-AFF9-A2B1FB159EFC}.Package|Any CPU.ActiveCfg = Release|Any CPU
		{377E6FE1-1B2D-4DA5-AFF9-A2B1FB159EFC}.Package|Any CPU.Build.0 = Release|Any CPU
		{377E6FE1-1B2D-4DA5-AFF9-A2B1FB159EFC}.Package|Any CPU.Deploy.0 = Release|Any CPU
		{377E6FE1-1B2D-4DA5-AFF9-A2B1FB159EFC}.Package|Mixed Platforms.ActiveCfg = Release|Any CPU
		{377E6FE1-1B2D-4DA5-AFF9-A2B1FB159EFC}.Package|Mixed Platforms.Build.0 = Release|Any CPU
		{377E6FE1-1B2D-4DA5-AFF9-A2B1FB159EFC}.Package|Mixed Platforms.Deploy.0 = Release|Any CPU
		{377E6FE1-1B2D-4DA5-AFF9-A2B1FB159EFC}.Package|x86.ActiveCfg = Release|Any CPU
		{377E6FE1-1B2D-4DA5-AFF9-A2B1FB159EFC}.Release|Any CPU.ActiveCfg = Release|Any CPU
		{377E6FE1-1B2D-4DA5-AFF9-A2B1FB159EFC}.Release|Any CPU.Build.0 = Release|Any CPU
		{377E6FE1-1B2D-4DA5-AFF9-A2B1FB159EFC}.Release|Any CPU.Deploy.0 = Release|Any CPU
		{377E6FE1-1B2D-4DA5-AFF9-A2B1FB159EFC}.Release|Mixed Platforms.ActiveCfg = Release|Any CPU
		{377E6FE1-1B2D-4DA5-AFF9-A2B1FB159EFC}.Release|Mixed Platforms.Build.0 = Release|Any CPU
		{377E6FE1-1B2D-4DA5-AFF9-A2B1FB159EFC}.Release|Mixed Platforms.Deploy.0 = Release|Any CPU
		{377E6FE1-1B2D-4DA5-AFF9-A2B1FB159EFC}.Release|x86.ActiveCfg = Release|Any CPU
		{6CCB81E6-1746-43A6-A8C3-051463A36E90}.Debug|Any CPU.ActiveCfg = Debug|Any CPU
		{6CCB81E6-1746-43A6-A8C3-051463A36E90}.Debug|Any CPU.Build.0 = Debug|Any CPU
		{6CCB81E6-1746-43A6-A8C3-051463A36E90}.Debug|Mixed Platforms.ActiveCfg = Debug|Any CPU
		{6CCB81E6-1746-43A6-A8C3-051463A36E90}.Debug|Mixed Platforms.Build.0 = Debug|Any CPU
		{6CCB81E6-1746-43A6-A8C3-051463A36E90}.Debug|x86.ActiveCfg = Debug|Any CPU
		{6CCB81E6-1746-43A6-A8C3-051463A36E90}.Package|Any CPU.ActiveCfg = Package|Any CPU
		{6CCB81E6-1746-43A6-A8C3-051463A36E90}.Package|Any CPU.Build.0 = Package|Any CPU
		{6CCB81E6-1746-43A6-A8C3-051463A36E90}.Package|Mixed Platforms.ActiveCfg = Package|Any CPU
		{6CCB81E6-1746-43A6-A8C3-051463A36E90}.Package|Mixed Platforms.Build.0 = Package|Any CPU
		{6CCB81E6-1746-43A6-A8C3-051463A36E90}.Package|x86.ActiveCfg = Package|Any CPU
		{6CCB81E6-1746-43A6-A8C3-051463A36E90}.Release|Any CPU.ActiveCfg = Release|Any CPU
		{6CCB81E6-1746-43A6-A8C3-051463A36E90}.Release|Any CPU.Build.0 = Release|Any CPU
		{6CCB81E6-1746-43A6-A8C3-051463A36E90}.Release|Mixed Platforms.ActiveCfg = Release|Any CPU
		{6CCB81E6-1746-43A6-A8C3-051463A36E90}.Release|Mixed Platforms.Build.0 = Release|Any CPU
		{6CCB81E6-1746-43A6-A8C3-051463A36E90}.Release|x86.ActiveCfg = Release|Any CPU
		{89A84736-B4D7-4C0D-BA3F-EE778AB58C6A}.Debug|Any CPU.ActiveCfg = Debug|Any CPU
		{89A84736-B4D7-4C0D-BA3F-EE778AB58C6A}.Debug|Any CPU.Build.0 = Debug|Any CPU
		{89A84736-B4D7-4C0D-BA3F-EE778AB58C6A}.Debug|Any CPU.Deploy.0 = Debug|Any CPU
		{89A84736-B4D7-4C0D-BA3F-EE778AB58C6A}.Debug|Mixed Platforms.ActiveCfg = Debug|Any CPU
		{89A84736-B4D7-4C0D-BA3F-EE778AB58C6A}.Debug|Mixed Platforms.Build.0 = Debug|Any CPU
		{89A84736-B4D7-4C0D-BA3F-EE778AB58C6A}.Debug|Mixed Platforms.Deploy.0 = Debug|Any CPU
		{89A84736-B4D7-4C0D-BA3F-EE778AB58C6A}.Debug|x86.ActiveCfg = Debug|Any CPU
		{89A84736-B4D7-4C0D-BA3F-EE778AB58C6A}.Package|Any CPU.ActiveCfg = Release|Any CPU
		{89A84736-B4D7-4C0D-BA3F-EE778AB58C6A}.Package|Any CPU.Build.0 = Release|Any CPU
		{89A84736-B4D7-4C0D-BA3F-EE778AB58C6A}.Package|Any CPU.Deploy.0 = Release|Any CPU
		{89A84736-B4D7-4C0D-BA3F-EE778AB58C6A}.Package|Mixed Platforms.ActiveCfg = Release|Any CPU
		{89A84736-B4D7-4C0D-BA3F-EE778AB58C6A}.Package|Mixed Platforms.Build.0 = Release|Any CPU
		{89A84736-B4D7-4C0D-BA3F-EE778AB58C6A}.Package|Mixed Platforms.Deploy.0 = Release|Any CPU
		{89A84736-B4D7-4C0D-BA3F-EE778AB58C6A}.Package|x86.ActiveCfg = Release|Any CPU
		{89A84736-B4D7-4C0D-BA3F-EE778AB58C6A}.Release|Any CPU.ActiveCfg = Release|Any CPU
		{89A84736-B4D7-4C0D-BA3F-EE778AB58C6A}.Release|Any CPU.Build.0 = Release|Any CPU
		{89A84736-B4D7-4C0D-BA3F-EE778AB58C6A}.Release|Any CPU.Deploy.0 = Release|Any CPU
		{89A84736-B4D7-4C0D-BA3F-EE778AB58C6A}.Release|Mixed Platforms.ActiveCfg = Release|Any CPU
		{89A84736-B4D7-4C0D-BA3F-EE778AB58C6A}.Release|Mixed Platforms.Build.0 = Release|Any CPU
		{89A84736-B4D7-4C0D-BA3F-EE778AB58C6A}.Release|Mixed Platforms.Deploy.0 = Release|Any CPU
		{89A84736-B4D7-4C0D-BA3F-EE778AB58C6A}.Release|x86.ActiveCfg = Release|Any CPU
	EndGlobalSection
	GlobalSection(SolutionProperties) = preSolution
		HideSolutionNode = FALSE
	EndGlobalSection
EndGlobal
